{
  "name": "@oleh-polishchuk/code-quality-cli",
  "version": "1.0.0",
  "lockfileVersion": 2,
  "requires": true,
  "packages": {
    "": {
      "name": "@oleh-polishchuk/code-quality-cli",
      "version": "1.0.0",
      "license": "MIT",
      "dependencies": {
        "@fashioncloud/prettier-config": "^1.0.0",
        "commander": "^11.0.0"
      },
      "bin": {
        "code-quality": "lib/index.js"
      },
      "devDependencies": {
        "prettier": "^3.0.3"
      }
    },
    "node_modules/@fashioncloud/prettier-config": {
      "version": "1.0.2",
      "resolved": "https://registry.npmjs.org/@fashioncloud/prettier-config/-/prettier-config-1.0.2.tgz",
      "integrity": "sha512-5nERSYE4cJ0/sl1x8CV/d6K1nODg9s3tloGmLbT7mmJ4wtiIEKu197DiokMVbicLR9MEHfKbud8oEclpAc8WvA=="
    },
    "node_modules/commander": {
      "version": "11.0.0",
      "resolved": "https://registry.npmjs.org/commander/-/commander-11.0.0.tgz",
      "integrity": "sha512-9HMlXtt/BNoYr8ooyjjNRdIilOTkVJXB+GhxMTtOKwk0R4j4lS4NpjuqmRxroBfnfTSHQIHQB7wryHhXarNjmQ==",
      "engines": {
        "node": ">=16"
      }
    },
    "node_modules/prettier": {
      "version": "3.0.3",
      "resolved": "https://registry.npmjs.org/prettier/-/prettier-3.0.3.tgz",
      "integrity": "sha512-L/4pUDMxcNa8R/EthV08Zt42WBO4h1rarVtK0K+QJG0X187OLo7l699jWw0GKuwzkPQ//jMFA/8Xm6Fh3J/DAg==",
      "dev": true,
      "bin": {
        "prettier": "bin/prettier.cjs"
      },
      "engines": {
        "node": ">=14"
      },
      "funding": {
        "url": "https://github.com/prettier/prettier?sponsor=1"
      }
    }
  },
  "dependencies": {
    "@fashioncloud/prettier-config": {
      "version": "1.0.2",
      "resolved": "https://registry.npmjs.org/@fashioncloud/prettier-config/-/prettier-config-1.0.2.tgz",
      "integrity": "sha512-5nERSYE4cJ0/sl1x8CV/d6K1nODg9s3tloGmLbT7mmJ4wtiIEKu197DiokMVbicLR9MEHfKbud8oEclpAc8WvA=="
    },
    "commander": {
      "version": "11.0.0",
      "resolved": "https://registry.npmjs.org/commander/-/commander-11.0.0.tgz",
      "integrity": "sha512-9HMlXtt/BNoYr8ooyjjNRdIilOTkVJXB+GhxMTtOKwk0R4j4lS4NpjuqmRxroBfnfTSHQIHQB7wryHhXarNjmQ=="
    },
    "prettier": {
      "version": "3.0.3",
      "resolved": "https://registry.npmjs.org/prettier/-/prettier-3.0.3.tgz",
      "integrity": "sha512-L/4pUDMxcNa8R/EthV08Zt42WBO4h1rarVtK0K+QJG0X187OLo7l699jWw0GKuwzkPQ//jMFA/8Xm6Fh3J/DAg==",
      "dev": true
    }
  }
}
